
Microsoft Visual Studio Solution File, Format Version 12.00
# Visual Studio 15
VisualStudioVersion = 15.0.27130.2036
MinimumVisualStudioVersion = 10.0.40219.1
Project("{00D1A9C2-B5F0-4AF3-8072-F6C62B433612}") = "ProjectManager.DB", "ProjectManager.DB\ProjectManager.DB.sqlproj", "{02EAF2A5-B19E-4C8E-BD33-FC3B09B9F1C2}"
EndProject
Global
	GlobalSection(SolutionConfigurationPlatforms) = preSolution
		Debug|Any CPU = Debug|Any CPU
		Release|Any CPU = Release|Any CPU
	EndGlobalSection
	GlobalSection(ProjectConfigurationPlatforms) = postSolution
		{02EAF2A5-B19E-4C8E-BD33-FC3B09B9F1C2}.Debug|Any CPU.ActiveCfg = Debug|Any CPU
		{02EAF2A5-B19E-4C8E-BD33-FC3B09B9F1C2}.Debug|Any CPU.Build.0 = Debug|Any CPU
		{02EAF2A5-B19E-4C8E-BD33-FC3B09B9F1C2}.Debug|Any CPU.Deploy.0 = Debug|Any CPU
		{02EAF2A5-B19E-4C8E-BD33-FC3B09B9F1C2}.Release|Any CPU.ActiveCfg = Release|Any CPU
		{02EAF2A5-B19E-4C8E-BD33-FC3B09B9F1C2}.Release|Any CPU.Build.0 = Release|Any CPU
		{02EAF2A5-B19E-4C8E-BD33-FC3B09B9F1C2}.Release|Any CPU.Deploy.0 = Release|Any CPU
	EndGlobalSection
	GlobalSection(SolutionProperties) = preSolution
		HideSolutionNode = FALSE
	EndGlobalSection
	GlobalSection(ExtensibilityGlobals) = postSolution
		SolutionGuid = {A305D727-755D-49F9-82FE-11B786CC863D}
	EndGlobalSection
EndGlobal
